
Microsoft Visual Studio Solution File, Format Version 12.00
# Visual Studio Version 18
VisualStudioVersion = 18.5.11605.296 insiders
MinimumVisualStudioVersion = 10.0.40219.1
Project("{2150E333-8FDC-42A3-9474-1A3956D46DE8}") = "src", "src", "{02EA681E-C7D8-13C7-8484-4AC65E1B71E8}"
EndProject
Project("{2150E333-8FDC-42A3-9474-1A3956D46DE8}") = "test", "test", "{D2C4B66C-55DC-44C1-9DB3-C6258A585BFA}"
EndProject
Project("{2150E333-8FDC-42A3-9474-1A3956D46DE8}") = "prismModules", "prismModules", "{C51EE17B-54B8-43B5-A17F-14EA6CEEACB4}"
EndProject
Project("{FAE04EC0-301F-11D3-BF4B-00C04F79EFBC}") = "Vk.Dbp.WpfWindow", "src\Vk.Dbp.WpfWindow\Vk.Dbp.WpfWindow.csproj", "{11F01586-350E-40CD-8CFB-7D24789EFD88}"
EndProject
Project("{2150E333-8FDC-42A3-9474-1A3956D46DE8}") = "dbpframework", "dbpframework", "{090C8FDE-8DDD-4E9E-ACB3-4B0D0791F45B}"
EndProject
Project("{FAE04EC0-301F-11D3-BF4B-00C04F79EFBC}") = "Vk.Dbp.WorkshopModule", "prismModules\Vk.Dbp.WorkshopModule\Vk.Dbp.WorkshopModule.csproj", "{31A4F758-B4B7-4EED-8587-AA99E4658368}"
EndProject
Project("{FAE04EC0-301F-11D3-BF4B-00C04F79EFBC}") = "Vk.Dbp.Service", "src\Vk.Dbp.Services\Vk.Dbp.Service.csproj", "{DFFA6500-F47A-4A7A-8B61-A24161926AB3}"
EndProject
Project("{FAE04EC0-301F-11D3-BF4B-00C04F79EFBC}") = "Vk.Dbp.Infrastructure", "src\Vk.Dbp.Infrastructure\Vk.Dbp.Infrastructure.csproj", "{0DF5EC73-2C06-4F22-8820-D9975E077BB8}"
EndProject
Project("{FAE04EC0-301F-11D3-BF4B-00C04F79EFBC}") = "Vk.Dbp.Utils", "src\Vk.Dbp.Utils\Vk.Dbp.Utils.csproj", "{4CF9D88E-2DE0-4FD5-BF46-870FB9E469C6}"
EndProject
Project("{FAE04EC0-301F-11D3-BF4B-00C04F79EFBC}") = "Vk.Dbp.Domain", "src\Vk.Dbp.Domain\Vk.Dbp.Domain.csproj", "{ED7084D0-8371-4380-91E4-CD720671CB33}"
EndProject
Project("{FAE04EC0-301F-11D3-BF4B-00C04F79EFBC}") = "Vk.Dbp.Tools", "src\Vk.Dbp.Tools\Vk.Dbp.Tools.csproj", "{4B92B31A-2946-4533-ABBD-7869E92B55F7}"
EndProject
Project("{2150E333-8FDC-42A3-9474-1A3956D46DE8}") = "dbpApps", "dbpApps", "{BBEA0683-CA0B-45AF-BCD3-DDB680A222CB}"
EndProject
Project("{FAE04EC0-301F-11D3-BF4B-00C04F79EFBC}") = "Dbp.Material.Forming", "dbpApps\Dbp.Material.Forming\Dbp.Material.Forming.csproj", "{5ED4C366-0A41-48FE-A664-A61CA7021947}"
EndProject
Project("{FAE04EC0-301F-11D3-BF4B-00C04F79EFBC}") = "Dbp.Material.Mixing", "dbpApps\Dbp.Material.Mixing\Dbp.Material.Mixing.csproj", "{B0D8954B-85BA-46B0-A499-0F34F0152461}"
EndProject
Project("{FAE04EC0-301F-11D3-BF4B-00C04F79EFBC}") = "Vk.Dbp.Account", "dbpframework\Vk.Dbp.Account\Vk.Dbp.Account.csproj", "{D4E576A9-39A8-47DB-AD06-F3EB522E8DC2}"
EndProject
Project("{FAE04EC0-301F-11D3-BF4B-00C04F79EFBC}") = "Vk.Dbp.Core", "dbpframework\Vk.Dbp.Core\Vk.Dbp.Core.csproj", "{ED8E1F2A-0DCA-4FC8-9170-E9DFE6D35BE9}"
EndProject
Project("{FAE04EC0-301F-11D3-BF4B-00C04F79EFBC}") = "Vk.Dbp.AccountModule", "prismModules\Vk.Dbp.AccountModule\Vk.Dbp.AccountModule.csproj", "{67BBDF9A-4031-4B8E-910E-B5CC8E56BD32}"
EndProject
Project("{2150E333-8FDC-42A3-9474-1A3956D46DE8}") = "doc", "doc", "{D277BECF-0A00-415B-9C73-E4F879730938}"
	ProjectSection(SolutionItems) = preProject
		jiagou.md = jiagou.md
	EndProjectSection
EndProject
Global
	GlobalSection(SolutionConfigurationPlatforms) = preSolution
		Debug|Any CPU = Debug|Any CPU
		Release|Any CPU = Release|Any CPU
	EndGlobalSection
	GlobalSection(ProjectConfigurationPlatforms) = postSolution
		{11F01586-350E-40CD-8CFB-7D24789EFD88}.Debug|Any CPU.ActiveCfg = Debug|Any CPU
		{11F01586-350E-40CD-8CFB-7D24789EFD88}.Debug|Any CPU.Build.0 = Debug|Any CPU
		{11F01586-350E-40CD-8CFB-7D24789EFD88}.Release|Any CPU.ActiveCfg = Release|Any CPU
		{11F01586-350E-40CD-8CFB-7D24789EFD88}.Release|Any CPU.Build.0 = Release|Any CPU
		{31A4F758-B4B7-4EED-8587-AA99E4658368}.Debug|Any CPU.ActiveCfg = Debug|Any CPU
		{31A4F758-B4B7-4EED-8587-AA99E4658368}.Debug|Any CPU.Build.0 = Debug|Any CPU
		{31A4F758-B4B7-4EED-8587-AA99E4658368}.Release|Any CPU.ActiveCfg = Release|Any CPU
		{31A4F758-B4B7-4EED-8587-AA99E4658368}.Release|Any CPU.Build.0 = Release|Any CPU
		{DFFA6500-F47A-4A7A-8B61-A24161926AB3}.Debug|Any CPU.ActiveCfg = Debug|Any CPU
		{DFFA6500-F47A-4A7A-8B61-A24161926AB3}.Debug|Any CPU.Build.0 = Debug|Any CPU
		{DFFA6500-F47A-4A7A-8B61-A24161926AB3}.Release|Any CPU.ActiveCfg = Release|Any CPU
		{DFFA6500-F47A-4A7A-8B61-A24161926AB3}.Release|Any CPU.Build.0 = Release|Any CPU
		{0DF5EC73-2C06-4F22-8820-D9975E077BB8}.Debug|Any CPU.ActiveCfg = Debug|Any CPU
		{0DF5EC73-2C06-4F22-8820-D9975E077BB8}.Debug|Any CPU.Build.0 = Debug|Any CPU
		{0DF5EC73-2C06-4F22-8820-D9975E077BB8}.Release|Any CPU.ActiveCfg = Release|Any CPU
		{0DF5EC73-2C06-4F22-8820-D9975E077BB8}.Release|Any CPU.Build.0 = Release|Any CPU
		{4CF9D88E-2DE0-4FD5-BF46-870FB9E469C6}.Debug|Any CPU.ActiveCfg = Debug|Any CPU
		{4CF9D88E-2DE0-4FD5-BF46-870FB9E469C6}.Debug|Any CPU.Build.0 = Debug|Any CPU
		{4CF9D88E-2DE0-4FD5-BF46-870FB9E469C6}.Release|Any CPU.ActiveCfg = Release|Any CPU
		{4CF9D88E-2DE0-4FD5-BF46-870FB9E469C6}.Release|Any CPU.Build.0 = Release|Any CPU
		{ED7084D0-8371-4380-91E4-CD720671CB33}.Debug|Any CPU.ActiveCfg = Debug|Any CPU
		{ED7084D0-8371-4380-91E4-CD720671CB33}.Debug|Any CPU.Build.0 = Debug|Any CPU
		{ED7084D0-8371-4380-91E4-CD720671CB33}.Release|Any CPU.ActiveCfg = Release|Any CPU
		{ED7084D0-8371-4380-91E4-CD720671CB33}.Release|Any CPU.Build.0 = Release|Any CPU
		{4B92B31A-2946-4533-ABBD-7869E92B55F7}.Debug|Any CPU.ActiveCfg = Debug|Any CPU
		{4B92B31A-2946-4533-ABBD-7869E92B55F7}.Debug|Any CPU.Build.0 = Debug|Any CPU
		{4B92B31A-2946-4533-ABBD-7869E92B55F7}.Release|Any CPU.ActiveCfg = Release|Any CPU
		{4B92B31A-2946-4533-ABBD-7869E92B55F7}.Release|Any CPU.Build.0 = Release|Any CPU
		{5ED4C366-0A41-48FE-A664-A61CA7021947}.Debug|Any CPU.ActiveCfg = Debug|Any CPU
		{5ED4C366-0A41-48FE-A664-A61CA7021947}.Debug|Any CPU.Build.0 = Debug|Any CPU
		{5ED4C366-0A41-48FE-A664-A61CA7021947}.Release|Any CPU.ActiveCfg = Release|Any CPU
		{5ED4C366-0A41-48FE-A664-A61CA7021947}.Release|Any CPU.Build.0 = Release|Any CPU
		{B0D8954B-85BA-46B0-A499-0F34F0152461}.Debug|Any CPU.ActiveCfg = Debug|Any CPU
		{B0D8954B-85BA-46B0-A499-0F34F0152461}.Debug|Any CPU.Build.0 = Debug|Any CPU
		{B0D8954B-85BA-46B0-A499-0F34F0152461}.Release|Any CPU.ActiveCfg = Release|Any CPU
		{B0D8954B-85BA-46B0-A499-0F34F0152461}.Release|Any CPU.Build.0 = Release|Any CPU
		{D4E576A9-39A8-47DB-AD06-F3EB522E8DC2}.Debug|Any CPU.ActiveCfg = Debug|Any CPU
		{D4E576A9-39A8-47DB-AD06-F3EB522E8DC2}.Debug|Any CPU.Build.0 = Debug|Any CPU
		{D4E576A9-39A8-47DB-AD06-F3EB522E8DC2}.Release|Any CPU.ActiveCfg = Release|Any CPU
		{D4E576A9-39A8-47DB-AD06-F3EB522E8DC2}.Release|Any CPU.Build.0 = Release|Any CPU
		{ED8E1F2A-0DCA-4FC8-9170-E9DFE6D35BE9}.Debug|Any CPU.ActiveCfg = Debug|Any CPU
		{ED8E1F2A-0DCA-4FC8-9170-E9DFE6D35BE9}.Debug|Any CPU.Build.0 = Debug|Any CPU
		{ED8E1F2A-0DCA-4FC8-9170-E9DFE6D35BE9}.Release|Any CPU.ActiveCfg = Release|Any CPU
		{ED8E1F2A-0DCA-4FC8-9170-E9DFE6D35BE9}.Release|Any CPU.Build.0 = Release|Any CPU
		{67BBDF9A-4031-4B8E-910E-B5CC8E56BD32}.Debug|Any CPU.ActiveCfg = Debug|Any CPU
		{67BBDF9A-4031-4B8E-910E-B5CC8E56BD32}.Debug|Any CPU.Build.0 = Debug|Any CPU
		{67BBDF9A-4031-4B8E-910E-B5CC8E56BD32}.Release|Any CPU.ActiveCfg = Release|Any CPU
		{67BBDF9A-4031-4B8E-910E-B5CC8E56BD32}.Release|Any CPU.Build.0 = Release|Any CPU
	EndGlobalSection
	GlobalSection(SolutionProperties) = preSolution
		HideSolutionNode = FALSE
	EndGlobalSection
	GlobalSection(NestedProjects) = preSolution
		{11F01586-350E-40CD-8CFB-7D24789EFD88} = {02EA681E-C7D8-13C7-8484-4AC65E1B71E8}
		{31A4F758-B4B7-4EED-8587-AA99E4658368} = {C51EE17B-54B8-43B5-A17F-14EA6CEEACB4}
		{DFFA6500-F47A-4A7A-8B61-A24161926AB3} = {02EA681E-C7D8-13C7-8484-4AC65E1B71E8}
		{0DF5EC73-2C06-4F22-8820-D9975E077BB8} = {02EA681E-C7D8-13C7-8484-4AC65E1B71E8}
		{4CF9D88E-2DE0-4FD5-BF46-870FB9E469C6} = {02EA681E-C7D8-13C7-8484-4AC65E1B71E8}
		{ED7084D0-8371-4380-91E4-CD720671CB33} = {02EA681E-C7D8-13C7-8484-4AC65E1B71E8}
		{4B92B31A-2946-4533-ABBD-7869E92B55F7} = {02EA681E-C7D8-13C7-8484-4AC65E1B71E8}
		{5ED4C366-0A41-48FE-A664-A61CA7021947} = {BBEA0683-CA0B-45AF-BCD3-DDB680A222CB}
		{B0D8954B-85BA-46B0-A499-0F34F0152461} = {BBEA0683-CA0B-45AF-BCD3-DDB680A222CB}
		{D4E576A9-39A8-47DB-AD06-F3EB522E8DC2} = {02EA681E-C7D8-13C7-8484-4AC65E1B71E8}
		{ED8E1F2A-0DCA-4FC8-9170-E9DFE6D35BE9} = {090C8FDE-8DDD-4E9E-ACB3-4B0D0791F45B}
		{67BBDF9A-4031-4B8E-910E-B5CC8E56BD32} = {C51EE17B-54B8-43B5-A17F-14EA6CEEACB4}
	EndGlobalSection
	GlobalSection(ExtensibilityGlobals) = postSolution
		SolutionGuid = {E35812D3-39B2-4987-A734-537141C07D91}
	EndGlobalSection
EndGlobal
